// !$*UTF8*$!
{
	archiveVersion = 1;
	classes = {
	};
	objectVersion = 46;
	objects = {

/* Begin PBXBuildFile section */
		9A3119731CF2AC1600112F68 /* PersonCoreDataTool.m in Sources */ = {isa = PBXBuildFile; fileRef = 9A31196E1CF2AC1600112F68 /* PersonCoreDataTool.m */; };
		9A3119741CF2AC1600112F68 /* PersonEntity.m in Sources */ = {isa = PBXBuildFile; fileRef = 9A3119701CF2AC1600112F68 /* PersonEntity.m */; };
		9A3119751CF2AC1600112F68 /* PersonEntity+CoreDataProperties.m in Sources */ = {isa = PBXBuildFile; fileRef = 9A3119721CF2AC1600112F68 /* PersonEntity+CoreDataProperties.m */; };
		9A31197A1CF2AC2700112F68 /* AudioEntity.m in Sources */ = {isa = PBXBuildFile; fileRef = 9A3119771CF2AC2700112F68 /* AudioEntity.m */; };
		9A31197B1CF2AC2700112F68 /* AudioEntity+CoreDataProperties.m in Sources */ = {isa = PBXBuildFile; fileRef = 9A3119791CF2AC2700112F68 /* AudioEntity+CoreDataProperties.m */; };
		9AC5B71C1CED62A600F445E8 /* main.m in Sources */ = {isa = PBXBuildFile; fileRef = 9AC5B71B1CED62A600F445E8 /* main.m */; };
		9AC5B71F1CED62A600F445E8 /* AppDelegate.m in Sources */ = {isa = PBXBuildFile; fileRef = 9AC5B71E1CED62A600F445E8 /* AppDelegate.m */; };
		9AC5B7221CED62A600F445E8 /* ViewController.m in Sources */ = {isa = PBXBuildFile; fileRef = 9AC5B7211CED62A600F445E8 /* ViewController.m */; };
		9AC5B7251CED62A600F445E8 /* Main.storyboard in Resources */ = {isa = PBXBuildFile; fileRef = 9AC5B7231CED62A600F445E8 /* Main.storyboard */; };
		9AC5B7271CED62A600F445E8 /* Assets.xcassets in Resources */ = {isa = PBXBuildFile; fileRef = 9AC5B7261CED62A600F445E8 /* Assets.xcassets */; };
		9AC5B72A1CED62A600F445E8 /* LaunchScreen.storyboard in Resources */ = {isa = PBXBuildFile; fileRef = 9AC5B7281CED62A600F445E8 /* LaunchScreen.storyboard */; };
		9AC5B7351CED62A600F445E8 /* CoreDataLearnFantasyTests.m in Sources */ = {isa = PBXBuildFile; fileRef = 9AC5B7341CED62A600F445E8 /* CoreDataLearnFantasyTests.m */; };
		9AC5B7401CED62A600F445E8 /* CoreDataLearnFantasyUITests.m in Sources */ = {isa = PBXBuildFile; fileRef = 9AC5B73F1CED62A600F445E8 /* CoreDataLearnFantasyUITests.m */; };
		9AC5B7571CED67E200F445E8 /* UIView+WKFFrame.m in Sources */ = {isa = PBXBuildFile; fileRef = 9AC5B7561CED67E200F445E8 /* UIView+WKFFrame.m */; };
		9AC5B75B1CED6BB800F445E8 /* PersonModel.xcdatamodeld in Sources */ = {isa = PBXBuildFile; fileRef = 9AC5B7591CED6BB800F445E8 /* PersonModel.xcdatamodeld */; };
		9ADC05BE1CF2D1FB004BF36E /* AudioCoreDataTool.m in Sources */ = {isa = PBXBuildFile; fileRef = 9ADC05BD1CF2D1FB004BF36E /* AudioCoreDataTool.m */; };
		9AFE4B3F1CEEE138000DC1DC /* EditController.m in Sources */ = {isa = PBXBuildFile; fileRef = 9AFE4B3E1CEEE138000DC1DC /* EditController.m */; };
		9AFE4B421CEEE171000DC1DC /* OneModleController.m in Sources */ = {isa = PBXBuildFile; fileRef = 9AFE4B411CEEE171000DC1DC /* OneModleController.m */; };
		9AFE4B461CEEF339000DC1DC /* PlayAndDownloadAudioController.m in Sources */ = {isa = PBXBuildFile; fileRef = 9AFE4B451CEEF339000DC1DC /* PlayAndDownloadAudioController.m */; };
		9AFE4B491CEEF34D000DC1DC /* AddDownloadTaskController.m in Sources */ = {isa = PBXBuildFile; fileRef = 9AFE4B481CEEF34D000DC1DC /* AddDownloadTaskController.m */; };
		9AFE4B501CEEF425000DC1DC /* WaitToDownloadModel.m in Sources */ = {isa = PBXBuildFile; fileRef = 9AFE4B4F1CEEF425000DC1DC /* WaitToDownloadModel.m */; };
		9AFE4B541CEF0334000DC1DC /* DownloadTool.m in Sources */ = {isa = PBXBuildFile; fileRef = 9AFE4B531CEF0334000DC1DC /* DownloadTool.m */; };
/* End PBXBuildFile section */

/* Begin PBXContainerItemProxy section */
		9AC5B7311CED62A600F445E8 /* PBXContainerItemProxy */ = {
			isa = PBXContainerItemProxy;
			containerPortal = 9AC5B70F1CED62A600F445E8 /* Project object */;
			proxyType = 1;
			remoteGlobalIDString = 9AC5B7161CED62A600F445E8;
			remoteInfo = CoreDataLearnFantasy;
		};
		9AC5B73C1CED62A600F445E8 /* PBXContainerItemProxy */ = {
			isa = PBXContainerItemProxy;
			containerPortal = 9AC5B70F1CED62A600F445E8 /* Project object */;
			proxyType = 1;
			remoteGlobalIDString = 9AC5B7161CED62A600F445E8;
			remoteInfo = CoreDataLearnFantasy;
		};
/* End PBXContainerItemProxy section */

/* Begin PBXFileReference section */
		9A31196D1CF2AC1600112F68 /* PersonCoreDataTool.h */ = {isa = PBXFileReference; fileEncoding = 4; lastKnownFileType = sourcecode.c.h; path = PersonCoreDataTool.h; sourceTree = "<group>"; };
		9A31196E1CF2AC1600112F68 /* PersonCoreDataTool.m */ = {isa = PBXFileReference; fileEncoding = 4; lastKnownFileType = sourcecode.c.objc; path = PersonCoreDataTool.m; sourceTree = "<group>"; };
		9A31196F1CF2AC1600112F68 /* PersonEntity.h */ = {isa = PBXFileReference; fileEncoding = 4; lastKnownFileType = sourcecode.c.h; path = PersonEntity.h; sourceTree = "<group>"; };
		9A3119701CF2AC1600112F68 /* PersonEntity.m */ = {isa = PBXFileReference; fileEncoding = 4; lastKnownFileType = sourcecode.c.objc; path = PersonEntity.m; sourceTree = "<group>"; };
		9A3119711CF2AC1600112F68 /* PersonEntity+CoreDataProperties.h */ = {isa = PBXFileReference; fileEncoding = 4; lastKnownFileType = sourcecode.c.h; path = "PersonEntity+CoreDataProperties.h"; sourceTree = "<group>"; };
		9A3119721CF2AC1600112F68 /* PersonEntity+CoreDataProperties.m */ = {isa = PBXFileReference; fileEncoding = 4; lastKnownFileType = sourcecode.c.objc; path = "PersonEntity+CoreDataProperties.m"; sourceTree = "<group>"; };
		9A3119761CF2AC2700112F68 /* AudioEntity.h */ = {isa = PBXFileReference; fileEncoding = 4; lastKnownFileType = sourcecode.c.h; path = AudioEntity.h; sourceTree = "<group>"; };
		9A3119771CF2AC2700112F68 /* AudioEntity.m */ = {isa = PBXFileReference; fileEncoding = 4; lastKnownFileType = sourcecode.c.objc; path = AudioEntity.m; sourceTree = "<group>"; };
		9A3119781CF2AC2700112F68 /* AudioEntity+CoreDataProperties.h */ = {isa = PBXFileReference; fileEncoding = 4; lastKnownFileType = sourcecode.c.h; path = "AudioEntity+CoreDataProperties.h"; sourceTree = "<group>"; };
		9A3119791CF2AC2700112F68 /* AudioEntity+CoreDataProperties.m */ = {isa = PBXFileReference; fileEncoding = 4; lastKnownFileType = sourcecode.c.objc; path = "AudioEntity+CoreDataProperties.m"; sourceTree = "<group>"; };
		9AC5B7171CED62A600F445E8 /* CoreDataLearnFantasy.app */ = {isa = PBXFileReference; explicitFileType = wrapper.application; includeInIndex = 0; path = CoreDataLearnFantasy.app; sourceTree = BUILT_PRODUCTS_DIR; };
		9AC5B71B1CED62A600F445E8 /* main.m */ = {isa = PBXFileReference; lastKnownFileType = sourcecode.c.objc; path = main.m; sourceTree = "<group>"; };
		9AC5B71D1CED62A600F445E8 /* AppDelegate.h */ = {isa = PBXFileReference; lastKnownFileType = sourcecode.c.h; path = AppDelegate.h; sourceTree = "<group>"; };
		9AC5B71E1CED62A600F445E8 /* AppDelegate.m */ = {isa = PBXFileReference; lastKnownFileType = sourcecode.c.objc; path = AppDelegate.m; sourceTree = "<group>"; };
		9AC5B7201CED62A600F445E8 /* ViewController.h */ = {isa = PBXFileReference; lastKnownFileType = sourcecode.c.h; path = ViewController.h; sourceTree = "<group>"; };
		9AC5B7211CED62A600F445E8 /* ViewController.m */ = {isa = PBXFileReference; lastKnownFileType = sourcecode.c.objc; path = ViewController.m; sourceTree = "<group>"; };
		9AC5B7241CED62A600F445E8 /* Base */ = {isa = PBXFileReference; lastKnownFileType = file.storyboard; name = Base; path = Base.lproj/Main.storyboard; sourceTree = "<group>"; };
		9AC5B7261CED62A600F445E8 /* Assets.xcassets */ = {isa = PBXFileReference; lastKnownFileType = folder.assetcatalog; path = Assets.xcassets; sourceTree = "<group>"; };
		9AC5B7291CED62A600F445E8 /* Base */ = {isa = PBXFileReference; lastKnownFileType = file.storyboard; name = Base; path = Base.lproj/LaunchScreen.storyboard; sourceTree = "<group>"; };
		9AC5B72B1CED62A600F445E8 /* Info.plist */ = {isa = PBXFileReference; lastKnownFileType = text.plist.xml; path = Info.plist; sourceTree = "<group>"; };
		9AC5B7301CED62A600F445E8 /* CoreDataLearnFantasyTests.xctest */ = {isa = PBXFileReference; explicitFileType = wrapper.cfbundle; includeInIndex = 0; path = CoreDataLearnFantasyTests.xctest; sourceTree = BUILT_PRODUCTS_DIR; };
		9AC5B7341CED62A600F445E8 /* CoreDataLearnFantasyTests.m */ = {isa = PBXFileReference; lastKnownFileType = sourcecode.c.objc; path = CoreDataLearnFantasyTests.m; sourceTree = "<group>"; };
		9AC5B7361CED62A600F445E8 /* Info.plist */ = {isa = PBXFileReference; lastKnownFileType = text.plist.xml; path = Info.plist; sourceTree = "<group>"; };
		9AC5B73B1CED62A600F445E8 /* CoreDataLearnFantasyUITests.xctest */ = {isa = PBXFileReference; explicitFileType = wrapper.cfbundle; includeInIndex = 0; path = CoreDataLearnFantasyUITests.xctest; sourceTree = BUILT_PRODUCTS_DIR; };
		9AC5B73F1CED62A600F445E8 /* CoreDataLearnFantasyUITests.m */ = {isa = PBXFileReference; lastKnownFileType = sourcecode.c.objc; path = CoreDataLearnFantasyUITests.m; sourceTree = "<group>"; };
		9AC5B7411CED62A600F445E8 /* Info.plist */ = {isa = PBXFileReference; lastKnownFileType = text.plist.xml; path = Info.plist; sourceTree = "<group>"; };
		9AC5B7531CED67CF00F445E8 /* common.h */ = {isa = PBXFileReference; fileEncoding = 4; lastKnownFileType = sourcecode.c.h; path = common.h; sourceTree = "<group>"; };
		9AC5B7551CED67E200F445E8 /* UIView+WKFFrame.h */ = {isa = PBXFileReference; fileEncoding = 4; lastKnownFileType = sourcecode.c.h; path = "UIView+WKFFrame.h"; sourceTree = "<group>"; };
		9AC5B7561CED67E200F445E8 /* UIView+WKFFrame.m */ = {isa = PBXFileReference; fileEncoding = 4; lastKnownFileType = sourcecode.c.objc; path = "UIView+WKFFrame.m"; sourceTree = "<group>"; };
		9AC5B75A1CED6BB800F445E8 /* PersonModel.xcdatamodel */ = {isa = PBXFileReference; lastKnownFileType = wrapper.xcdatamodel; path = PersonModel.xcdatamodel; sourceTree = "<group>"; };
		9ADC05BC1CF2D1FB004BF36E /* AudioCoreDataTool.h */ = {isa = PBXFileReference; fileEncoding = 4; lastKnownFileType = sourcecode.c.h; path = AudioCoreDataTool.h; sourceTree = "<group>"; };
		9ADC05BD1CF2D1FB004BF36E /* AudioCoreDataTool.m */ = {isa = PBXFileReference; fileEncoding = 4; lastKnownFileType = sourcecode.c.objc; path = AudioCoreDataTool.m; sourceTree = "<group>"; };
		9AFE4B3B1CEEB935000DC1DC /* AllNonificationNames.h */ = {isa = PBXFileReference; lastKnownFileType = sourcecode.c.h; path = AllNonificationNames.h; sourceTree = "<group>"; };
		9AFE4B3D1CEEE138000DC1DC /* EditController.h */ = {isa = PBXFileReference; fileEncoding = 4; lastKnownFileType = sourcecode.c.h; path = EditController.h; sourceTree = "<group>"; };
		9AFE4B3E1CEEE138000DC1DC /* EditController.m */ = {isa = PBXFileReference; fileEncoding = 4; lastKnownFileType = sourcecode.c.objc; path = EditController.m; sourceTree = "<group>"; };
		9AFE4B401CEEE171000DC1DC /* OneModleController.h */ = {isa = PBXFileReference; fileEncoding = 4; lastKnownFileType = sourcecode.c.h; path = OneModleController.h; sourceTree = "<group>"; };
		9AFE4B411CEEE171000DC1DC /* OneModleController.m */ = {isa = PBXFileReference; fileEncoding = 4; lastKnownFileType = sourcecode.c.objc; path = OneModleController.m; sourceTree = "<group>"; };
		9AFE4B441CEEF339000DC1DC /* PlayAndDownloadAudioController.h */ = {isa = PBXFileReference; fileEncoding = 4; lastKnownFileType = sourcecode.c.h; path = PlayAndDownloadAudioController.h; sourceTree = "<group>"; };
		9AFE4B451CEEF339000DC1DC /* PlayAndDownloadAudioController.m */ = {isa = PBXFileReference; fileEncoding = 4; lastKnownFileType = sourcecode.c.objc; path = PlayAndDownloadAudioController.m; sourceTree = "<group>"; };
		9AFE4B471CEEF34D000DC1DC /* AddDownloadTaskController.h */ = {isa = PBXFileReference; fileEncoding = 4; lastKnownFileType = sourcecode.c.h; path = AddDownloadTaskController.h; sourceTree = "<group>"; };
		9AFE4B481CEEF34D000DC1DC /* AddDownloadTaskController.m */ = {isa = PBXFileReference; fileEncoding = 4; lastKnownFileType = sourcecode.c.objc; path = AddDownloadTaskController.m; sourceTree = "<group>"; };
		9AFE4B4E1CEEF425000DC1DC /* WaitToDownloadModel.h */ = {isa = PBXFileReference; fileEncoding = 4; lastKnownFileType = sourcecode.c.h; path = WaitToDownloadModel.h; sourceTree = "<group>"; };
		9AFE4B4F1CEEF425000DC1DC /* WaitToDownloadModel.m */ = {isa = PBXFileReference; fileEncoding = 4; lastKnownFileType = sourcecode.c.objc; path = WaitToDownloadModel.m; sourceTree = "<group>"; };
		9AFE4B521CEF0334000DC1DC /* DownloadTool.h */ = {isa = PBXFileReference; fileEncoding = 4; lastKnownFileType = sourcecode.c.h; path = DownloadTool.h; sourceTree = "<group>"; };
		9AFE4B531CEF0334000DC1DC /* DownloadTool.m */ = {isa = PBXFileReference; fileEncoding = 4; lastKnownFileType = sourcecode.c.objc; path = DownloadTool.m; sourceTree = "<group>"; };
/* End PBXFileReference section */

/* Begin PBXFrameworksBuildPhase section */
		9AC5B7141CED62A600F445E8 /* Frameworks */ = {
			isa = PBXFrameworksBuildPhase;
			buildActionMask = 2147483647;
			files = (
			);
			runOnlyForDeploymentPostprocessing = 0;
		};
		9AC5B72D1CED62A600F445E8 /* Frameworks */ = {
			isa = PBXFrameworksBuildPhase;
			buildActionMask = 2147483647;
			files = (
			);
			runOnlyForDeploymentPostprocessing = 0;
		};
		9AC5B7381CED62A600F445E8 /* Frameworks */ = {
			isa = PBXFrameworksBuildPhase;
			buildActionMask = 2147483647;
			files = (
			);
			runOnlyForDeploymentPostprocessing = 0;
		};
/* End PBXFrameworksBuildPhase section */

/* Begin PBXGroup section */
		9A31196B1CF2AB9800112F68 /* AudioCoreData */ = {
			isa = PBXGroup;
			children = (
				9A3119761CF2AC2700112F68 /* AudioEntity.h */,
				9A3119771CF2AC2700112F68 /* AudioEntity.m */,
				9A3119781CF2AC2700112F68 /* AudioEntity+CoreDataProperties.h */,
				9A3119791CF2AC2700112F68 /* AudioEntity+CoreDataProperties.m */,
				9ADC05BC1CF2D1FB004BF36E /* AudioCoreDataTool.h */,
				9ADC05BD1CF2D1FB004BF36E /* AudioCoreDataTool.m */,
			);
			path = AudioCoreData;
			sourceTree = "<group>";
		};
		9A31196C1CF2ABB900112F68 /* PersonCoreData */ = {
			isa = PBXGroup;
			children = (
				9A31196D1CF2AC1600112F68 /* PersonCoreDataTool.h */,
				9A31196E1CF2AC1600112F68 /* PersonCoreDataTool.m */,
				9A31196F1CF2AC1600112F68 /* PersonEntity.h */,
				9A3119701CF2AC1600112F68 /* PersonEntity.m */,
				9A3119711CF2AC1600112F68 /* PersonEntity+CoreDataProperties.h */,
				9A3119721CF2AC1600112F68 /* PersonEntity+CoreDataProperties.m */,
			);
			path = PersonCoreData;
			sourceTree = "<group>";
		};
		9AC5B70E1CED62A600F445E8 = {
			isa = PBXGroup;
			children = (
				9AC5B7191CED62A600F445E8 /* CoreDataLearnFantasy */,
				9AC5B7331CED62A600F445E8 /* CoreDataLearnFantasyTests */,
				9AC5B73E1CED62A600F445E8 /* CoreDataLearnFantasyUITests */,
				9AC5B7181CED62A600F445E8 /* Products */,
			);
			sourceTree = "<group>";
		};
		9AC5B7181CED62A600F445E8 /* Products */ = {
			isa = PBXGroup;
			children = (
				9AC5B7171CED62A600F445E8 /* CoreDataLearnFantasy.app */,
				9AC5B7301CED62A600F445E8 /* CoreDataLearnFantasyTests.xctest */,
				9AC5B73B1CED62A600F445E8 /* CoreDataLearnFantasyUITests.xctest */,
			);
			name = Products;
			sourceTree = "<group>";
		};
		9AC5B7191CED62A600F445E8 /* CoreDataLearnFantasy */ = {
			isa = PBXGroup;
			children = (
				9AFE4B431CEEE5A7000DC1DC /* OneModelAndAudioCoreData */,
				9AFE4B3C1CEEE105000DC1DC /* OneModelCoreData */,
				9AC5B7581CED6B8700F445E8 /* Model */,
				9AC5B7541CED67E200F445E8 /* Category */,
				9AC5B7521CED678D00F445E8 /* Common */,
				9AC5B71D1CED62A600F445E8 /* AppDelegate.h */,
				9AC5B71E1CED62A600F445E8 /* AppDelegate.m */,
				9AC5B7201CED62A600F445E8 /* ViewController.h */,
				9AC5B7211CED62A600F445E8 /* ViewController.m */,
				9AC5B7231CED62A600F445E8 /* Main.storyboard */,
				9AC5B7261CED62A600F445E8 /* Assets.xcassets */,
				9AC5B7281CED62A600F445E8 /* LaunchScreen.storyboard */,
				9AC5B72B1CED62A600F445E8 /* Info.plist */,
				9AC5B71A1CED62A600F445E8 /* Supporting Files */,
			);
			path = CoreDataLearnFantasy;
			sourceTree = "<group>";
		};
		9AC5B71A1CED62A600F445E8 /* Supporting Files */ = {
			isa = PBXGroup;
			children = (
				9AC5B71B1CED62A600F445E8 /* main.m */,
			);
			name = "Supporting Files";
			sourceTree = "<group>";
		};
		9AC5B7331CED62A600F445E8 /* CoreDataLearnFantasyTests */ = {
			isa = PBXGroup;
			children = (
				9AC5B7341CED62A600F445E8 /* CoreDataLearnFantasyTests.m */,
				9AC5B7361CED62A600F445E8 /* Info.plist */,
			);
			path = CoreDataLearnFantasyTests;
			sourceTree = "<group>";
		};
		9AC5B73E1CED62A600F445E8 /* CoreDataLearnFantasyUITests */ = {
			isa = PBXGroup;
			children = (
				9AC5B73F1CED62A600F445E8 /* CoreDataLearnFantasyUITests.m */,
				9AC5B7411CED62A600F445E8 /* Info.plist */,
			);
			path = CoreDataLearnFantasyUITests;
			sourceTree = "<group>";
		};
		9AC5B7521CED678D00F445E8 /* Common */ = {
			isa = PBXGroup;
			children = (
				9AC5B7531CED67CF00F445E8 /* common.h */,
				9AFE4B3B1CEEB935000DC1DC /* AllNonificationNames.h */,
			);
			path = Common;
			sourceTree = "<group>";
		};
		9AC5B7541CED67E200F445E8 /* Category */ = {
			isa = PBXGroup;
			children = (
				9AC5B7551CED67E200F445E8 /* UIView+WKFFrame.h */,
				9AC5B7561CED67E200F445E8 /* UIView+WKFFrame.m */,
			);
			path = Category;
			sourceTree = "<group>";
		};
		9AC5B7581CED6B8700F445E8 /* Model */ = {
			isa = PBXGroup;
			children = (
				9A31196C1CF2ABB900112F68 /* PersonCoreData */,
				9A31196B1CF2AB9800112F68 /* AudioCoreData */,
				9AC5B7591CED6BB800F445E8 /* PersonModel.xcdatamodeld */,
			);
			path = Model;
			sourceTree = "<group>";
		};
		9AFE4B3C1CEEE105000DC1DC /* OneModelCoreData */ = {
			isa = PBXGroup;
			children = (
				9AFE4B3D1CEEE138000DC1DC /* EditController.h */,
				9AFE4B3E1CEEE138000DC1DC /* EditController.m */,
				9AFE4B401CEEE171000DC1DC /* OneModleController.h */,
				9AFE4B411CEEE171000DC1DC /* OneModleController.m */,
			);
			path = OneModelCoreData;
			sourceTree = "<group>";
		};
		9AFE4B431CEEE5A7000DC1DC /* OneModelAndAudioCoreData */ = {
			isa = PBXGroup;
			children = (
				9AFE4B511CEF0314000DC1DC /* DownloadTool */,
				9AFE4B4A1CEEF3C7000DC1DC /* AudioModel */,
				9AFE4B441CEEF339000DC1DC /* PlayAndDownloadAudioController.h */,
				9AFE4B451CEEF339000DC1DC /* PlayAndDownloadAudioController.m */,
				9AFE4B471CEEF34D000DC1DC /* AddDownloadTaskController.h */,
				9AFE4B481CEEF34D000DC1DC /* AddDownloadTaskController.m */,
			);
			path = OneModelAndAudioCoreData;
			sourceTree = "<group>";
		};
		9AFE4B4A1CEEF3C7000DC1DC /* AudioModel */ = {
			isa = PBXGroup;
			children = (
				9AFE4B4E1CEEF425000DC1DC /* WaitToDownloadModel.h */,
				9AFE4B4F1CEEF425000DC1DC /* WaitToDownloadModel.m */,
			);
			path = AudioModel;
			sourceTree = "<group>";
		};
		9AFE4B511CEF0314000DC1DC /* DownloadTool */ = {
			isa = PBXGroup;
			children = (
				9AFE4B521CEF0334000DC1DC /* DownloadTool.h */,
				9AFE4B531CEF0334000DC1DC /* DownloadTool.m */,
			);
			path = DownloadTool;
			sourceTree = "<group>";
		};
/* End PBXGroup section */

/* Begin PBXNativeTarget section */
		9AC5B7161CED62A600F445E8 /* CoreDataLearnFantasy */ = {
			isa = PBXNativeTarget;
			buildConfigurationList = 9AC5B7441CED62A600F445E8 /* Build configuration list for PBXNativeTarget "CoreDataLearnFantasy" */;
			buildPhases = (
				9AC5B7131CED62A600F445E8 /* Sources */,
				9AC5B7141CED62A600F445E8 /* Frameworks */,
				9AC5B7151CED62A600F445E8 /* Resources */,
			);
			buildRules = (
			);
			dependencies = (
			);
			name = CoreDataLearnFantasy;
			productName = CoreDataLearnFantasy;
			productReference = 9AC5B7171CED62A600F445E8 /* CoreDataLearnFantasy.app */;
			productType = "com.apple.product-type.application";
		};
		9AC5B72F1CED62A600F445E8 /* CoreDataLearnFantasyTests */ = {
			isa = PBXNativeTarget;
			buildConfigurationList = 9AC5B7471CED62A600F445E8 /* Build configuration list for PBXNativeTarget "CoreDataLearnFantasyTests" */;
			buildPhases = (
				9AC5B72C1CED62A600F445E8 /* Sources */,
				9AC5B72D1CED62A600F445E8 /* Frameworks */,
				9AC5B72E1CED62A600F445E8 /* Resources */,
			);
			buildRules = (
			);
			dependencies = (
				9AC5B7321CED62A600F445E8 /* PBXTargetDependency */,
			);
			name = CoreDataLearnFantasyTests;
			productName = CoreDataLearnFantasyTests;
			productReference = 9AC5B7301CED62A600F445E8 /* CoreDataLearnFantasyTests.xctest */;
			productType = "com.apple.product-type.bundle.unit-test";
		};
		9AC5B73A1CED62A600F445E8 /* CoreDataLearnFantasyUITests */ = {
			isa = PBXNativeTarget;
			buildConfigurationList = 9AC5B74A1CED62A600F445E8 /* Build configuration list for PBXNativeTarget "CoreDataLearnFantasyUITests" */;
			buildPhases = (
				9AC5B7371CED62A600F445E8 /* Sources */,
				9AC5B7381CED62A600F445E8 /* Frameworks */,
				9AC5B7391CED62A600F445E8 /* Resources */,
			);
			buildRules = (
			);
			dependencies = (
				9AC5B73D1CED62A600F445E8 /* PBXTargetDependency */,
			);
			name = CoreDataLearnFantasyUITests;
			productName = CoreDataLearnFantasyUITests;
			productReference = 9AC5B73B1CED62A600F445E8 /* CoreDataLearnFantasyUITests.xctest */;
			productType = "com.apple.product-type.bundle.ui-testing";
		};
/* End PBXNativeTarget section */

/* Begin PBXProject section */
		9AC5B70F1CED62A600F445E8 /* Project object */ = {
			isa = PBXProject;
			attributes = {
				LastUpgradeCheck = 0730;
				ORGANIZATIONNAME = fantasy;
				TargetAttributes = {
					9AC5B7161CED62A600F445E8 = {
						CreatedOnToolsVersion = 7.3;
					};
					9AC5B72F1CED62A600F445E8 = {
						CreatedOnToolsVersion = 7.3;
						TestTargetID = 9AC5B7161CED62A600F445E8;
					};
					9AC5B73A1CED62A600F445E8 = {
						CreatedOnToolsVersion = 7.3;
						TestTargetID = 9AC5B7161CED62A600F445E8;
					};
				};
			};
			buildConfigurationList = 9AC5B7121CED62A600F445E8 /* Build configuration list for PBXProject "CoreDataLearnFantasy" */;
			compatibilityVersion = "Xcode 3.2";
			developmentRegion = English;
			hasScannedForEncodings = 0;
			knownRegions = (
				en,
				Base,
			);
			mainGroup = 9AC5B70E1CED62A600F445E8;
			productRefGroup = 9AC5B7181CED62A600F445E8 /* Products */;
			projectDirPath = "";
			projectRoot = "";
			targets = (
				9AC5B7161CED62A600F445E8 /* CoreDataLearnFantasy */,
				9AC5B72F1CED62A600F445E8 /* CoreDataLearnFantasyTests */,
				9AC5B73A1CED62A600F445E8 /* CoreDataLearnFantasyUITests */,
			);
		};
/* End PBXProject section */

/* Begin PBXResourcesBuildPhase section */
		9AC5B7151CED62A600F445E8 /* Resources */ = {
			isa = PBXResourcesBuildPhase;
			buildActionMask = 2147483647;
			files = (
				9AC5B72A1CED62A600F445E8 /* LaunchScreen.storyboard in Resources */,
				9AC5B7271CED62A600F445E8 /* Assets.xcassets in Resources */,
				9AC5B7251CED62A600F445E8 /* Main.storyboard in Resources */,
			);
			runOnlyForDeploymentPostprocessing = 0;
		};
		9AC5B72E1CED62A600F445E8 /* Resources */ = {
			isa = PBXResourcesBuildPhase;
			buildActionMask = 2147483647;
			files = (
			);
			runOnlyForDeploymentPostprocessing = 0;
		};
		9AC5B7391CED62A600F445E8 /* Resources */ = {
			isa = PBXResourcesBuildPhase;
			buildActionMask = 2147483647;
			files = (
			);
			runOnlyForDeploymentPostprocessing = 0;
		};
/* End PBXResourcesBuildPhase section */

/* Begin PBXSourcesBuildPhase section */
		9AC5B7131CED62A600F445E8 /* Sources */ = {
			isa = PBXSourcesBuildPhase;
			buildActionMask = 2147483647;
			files = (
				9AFE4B501CEEF425000DC1DC /* WaitToDownloadModel.m in Sources */,
				9AC5B75B1CED6BB800F445E8 /* PersonModel.xcdatamodeld in Sources */,
				9AC5B7221CED62A600F445E8 /* ViewController.m in Sources */,
				9AFE4B421CEEE171000DC1DC /* OneModleController.m in Sources */,
				9AC5B7571CED67E200F445E8 /* UIView+WKFFrame.m in Sources */,
				9AFE4B491CEEF34D000DC1DC /* AddDownloadTaskController.m in Sources */,
				9A31197A1CF2AC2700112F68 /* AudioEntity.m in Sources */,
				9A3119751CF2AC1600112F68 /* PersonEntity+CoreDataProperties.m in Sources */,
				9A3119741CF2AC1600112F68 /* PersonEntity.m in Sources */,
				9A3119731CF2AC1600112F68 /* PersonCoreDataTool.m in Sources */,
				9ADC05BE1CF2D1FB004BF36E /* AudioCoreDataTool.m in Sources */,
				9AFE4B541CEF0334000DC1DC /* DownloadTool.m in Sources */,
				9AFE4B3F1CEEE138000DC1DC /* EditController.m in Sources */,
				9AC5B71F1CED62A600F445E8 /* AppDelegate.m in Sources */,
				9A31197B1CF2AC2700112F68 /* AudioEntity+CoreDataProperties.m in Sources */,
				9AFE4B461CEEF339000DC1DC /* PlayAndDownloadAudioController.m in Sources */,
				9AC5B71C1CED62A600F445E8 /* main.m in Sources */,
			);
			runOnlyForDeploymentPostprocessing = 0;
		};
		9AC5B72C1CED62A600F445E8 /* Sources */ = {
			isa = PBXSourcesBuildPhase;
			buildActionMask = 2147483647;
			files = (
				9AC5B7351CED62A600F445E8 /* CoreDataLearnFantasyTests.m in Sources */,
			);
			runOnlyForDeploymentPostprocessing = 0;
		};
		9AC5B7371CED62A600F445E8 /* Sources */ = {
			isa = PBXSourcesBuildPhase;
			buildActionMask = 2147483647;
			files = (
				9AC5B7401CED62A600F445E8 /* CoreDataLearnFantasyUITests.m in Sources */,
			);
			runOnlyForDeploymentPostprocessing = 0;
		};
/* End PBXSourcesBuildPhase section */

/* Begin PBXTargetDependency section */
		9AC5B7321CED62A600F445E8 /* PBXTargetDependency */ = {
			isa = PBXTargetDependency;
			target = 9AC5B7161CED62A600F445E8 /* CoreDataLearnFantasy */;
			targetProxy = 9AC5B7311CED62A600F445E8 /* PBXContainerItemProxy */;
		};
		9AC5B73D1CED62A600F445E8 /* PBXTargetDependency */ = {
			isa = PBXTargetDependency;
			target = 9AC5B7161CED62A600F445E8 /* CoreDataLearnFantasy */;
			targetProxy = 9AC5B73C1CED62A600F445E8 /* PBXContainerItemProxy */;
		};
/* End PBXTargetDependency section */

/* Begin PBXVariantGroup section */
		9AC5B7231CED62A600F445E8 /* Main.storyboard */ = {
			isa = PBXVariantGroup;
			children = (
				9AC5B7241CED62A600F445E8 /* Base */,
			);
			name = Main.storyboard;
			sourceTree = "<group>";
		};
		9AC5B7281CED62A600F445E8 /* LaunchScreen.storyboard */ = {
			isa = PBXVariantGroup;
			children = (
				9AC5B7291CED62A600F445E8 /* Base */,
			);
			name = LaunchScreen.storyboard;
			sourceTree = "<group>";
		};
/* End PBXVariantGroup section */

/* Begin XCBuildConfiguration section */
		9AC5B7421CED62A600F445E8 /* Debug */ = {
			isa = XCBuildConfiguration;
			buildSettings = {
				ALWAYS_SEARCH_USER_PATHS = NO;
				CLANG_ANALYZER_NONNULL = YES;
				CLANG_CXX_LANGUAGE_STANDARD = "gnu++0x";
				CLANG_CXX_LIBRARY = "libc++";
				CLANG_ENABLE_MODULES = YES;
				CLANG_ENABLE_OBJC_ARC = YES;
				CLANG_WARN_BOOL_CONVERSION = YES;
				CLANG_WARN_CONSTANT_CONVERSION = YES;
				CLANG_WARN_DIRECT_OBJC_ISA_USAGE = YES_ERROR;
				CLANG_WARN_EMPTY_BODY = YES;
				CLANG_WARN_ENUM_CONVERSION = YES;
				CLANG_WARN_INT_CONVERSION = YES;
				CLANG_WARN_OBJC_ROOT_CLASS = YES_ERROR;
				CLANG_WARN_UNREACHABLE_CODE = YES;
				CLANG_WARN__DUPLICATE_METHOD_MATCH = YES;
				"CODE_SIGN_IDENTITY[sdk=iphoneos*]" = "iPhone Developer";
				COPY_PHASE_STRIP = NO;
				DEBUG_INFORMATION_FORMAT = dwarf;
				ENABLE_STRICT_OBJC_MSGSEND = YES;
				ENABLE_TESTABILITY = YES;
				GCC_C_LANGUAGE_STANDARD = gnu99;
				GCC_DYNAMIC_NO_PIC = NO;
				GCC_NO_COMMON_BLOCKS = YES;
				GCC_OPTIMIZATION_LEVEL = 0;
				GCC_PREPROCESSOR_DEFINITIONS = (
					"DEBUG=1",
					"$(inherited)",
				);
				GCC_WARN_64_TO_32_BIT_CONVERSION = YES;
				GCC_WARN_ABOUT_RETURN_TYPE = YES_ERROR;
				GCC_WARN_UNDECLARED_SELECTOR = YES;
				GCC_WARN_UNINITIALIZED_AUTOS = YES_AGGRESSIVE;
				GCC_WARN_UNUSED_FUNCTION = YES;
				GCC_WARN_UNUSED_VARIABLE = YES;
				IPHONEOS_DEPLOYMENT_TARGET = 9.3;
				MTL_ENABLE_DEBUG_INFO = YES;
				ONLY_ACTIVE_ARCH = YES;
				SDKROOT = iphoneos;
				TARGETED_DEVICE_FAMILY = "1,2";
			};
			name = Debug;
		};
		9AC5B7431CED62A600F445E8 /* Release */ = {
			isa = XCBuildConfiguration;
			buildSettings = {
				ALWAYS_SEARCH_USER_PATHS = NO;
				CLANG_ANALYZER_NONNULL = YES;
				CLANG_CXX_LANGUAGE_STANDARD = "gnu++0x";
				CLANG_CXX_LIBRARY = "libc++";
				CLANG_ENABLE_MODULES = YES;
				CLANG_ENABLE_OBJC_ARC = YES;
				CLANG_WARN_BOOL_CONVERSION = YES;
				CLANG_WARN_CONSTANT_CONVERSION = YES;
				CLANG_WARN_DIRECT_OBJC_ISA_USAGE = YES_ERROR;
				CLANG_WARN_EMPTY_BODY = YES;
				CLANG_WARN_ENUM_CONVERSION = YES;
				CLANG_WARN_INT_CONVERSION = YES;
				CLANG_WARN_OBJC_ROOT_CLASS = YES_ERROR;
				CLANG_WARN_UNREACHABLE_CODE = YES;
				CLANG_WARN__DUPLICATE_METHOD_MATCH = YES;
				"CODE_SIGN_IDENTITY[sdk=iphoneos*]" = "iPhone Developer";
				COPY_PHASE_STRIP = NO;
				DEBUG_INFORMATION_FORMAT = "dwarf-with-dsym";
				ENABLE_NS_ASSERTIONS = NO;
				ENABLE_STRICT_OBJC_MSGSEND = YES;
				GCC_C_LANGUAGE_STANDARD = gnu99;
				GCC_NO_COMMON_BLOCKS = YES;
				GCC_WARN_64_TO_32_BIT_CONVERSION = YES;
				GCC_WARN_ABOUT_RETURN_TYPE = YES_ERROR;
				GCC_WARN_UNDECLARED_SELECTOR = YES;
				GCC_WARN_UNINITIALIZED_AUTOS = YES_AGGRESSIVE;
				GCC_WARN_UNUSED_FUNCTION = YES;
				GCC_WARN_UNUSED_VARIABLE = YES;
				IPHONEOS_DEPLOYMENT_TARGET = 9.3;
				MTL_ENABLE_DEBUG_INFO = NO;
				SDKROOT = iphoneos;
				TARGETED_DEVICE_FAMILY = "1,2";
				VALIDATE_PRODUCT = YES;
			};
			name = Release;
		};
		9AC5B7451CED62A600F445E8 /* Debug */ = {
			isa = XCBuildConfiguration;
			buildSettings = {
				ASSETCATALOG_COMPILER_APPICON_NAME = AppIcon;
				INFOPLIST_FILE = CoreDataLearnFantasy/Info.plist;
				IPHONEOS_DEPLOYMENT_TARGET = 9.0;
				LD_RUNPATH_SEARCH_PATHS = "$(inherited) @executable_path/Frameworks";
				PRODUCT_BUNDLE_IDENTIFIER = "--fantasy--.CoreDataLearnFantasy";
				PRODUCT_NAME = "$(TARGET_NAME)";
			};
			name = Debug;
		};
		9AC5B7461CED62A600F445E8 /* Release */ = {
			isa = XCBuildConfiguration;
			buildSettings = {
				ASSETCATALOG_COMPILER_APPICON_NAME = AppIcon;
				INFOPLIST_FILE = CoreDataLearnFantasy/Info.plist;
				IPHONEOS_DEPLOYMENT_TARGET = 9.0;
				LD_RUNPATH_SEARCH_PATHS = "$(inherited) @executable_path/Frameworks";
				PRODUCT_BUNDLE_IDENTIFIER = "--fantasy--.CoreDataLearnFantasy";
				PRODUCT_NAME = "$(TARGET_NAME)";
			};
			name = Release;
		};
		9AC5B7481CED62A600F445E8 /* Debug */ = {
			isa = XCBuildConfiguration;
			buildSettings = {
				BUNDLE_LOADER = "$(TEST_HOST)";
				INFOPLIST_FILE = CoreDataLearnFantasyTests/Info.plist;
				LD_RUNPATH_SEARCH_PATHS = "$(inherited) @executable_path/Frameworks @loader_path/Frameworks";
				PRODUCT_BUNDLE_IDENTIFIER = "--fantasy--.CoreDataLearnFantasyTests";
				PRODUCT_NAME = "$(TARGET_NAME)";
				TEST_HOST = "$(BUILT_PRODUCTS_DIR)/CoreDataLearnFantasy.app/CoreDataLearnFantasy";
			};
			name = Debug;
		};
		9AC5B7491CED62A600F445E8 /* Release */ = {
			isa = XCBuildConfiguration;
			buildSettings = {
				BUNDLE_LOADER = "$(TEST_HOST)";
				INFOPLIST_FILE = CoreDataLearnFantasyTests/Info.plist;
				LD_RUNPATH_SEARCH_PATHS = "$(inherited) @executable_path/Frameworks @loader_path/Frameworks";
				PRODUCT_BUNDLE_IDENTIFIER = "--fantasy--.CoreDataLearnFantasyTests";
				PRODUCT_NAME = "$(TARGET_NAME)";
				TEST_HOST = "$(BUILT_PRODUCTS_DIR)/CoreDataLearnFantasy.app/CoreDataLearnFantasy";
			};
			name = Release;
		};
		9AC5B74B1CED62A600F445E8 /* Debug */ = {
			isa = XCBuildConfiguration;
			buildSettings = {
				INFOPLIST_FILE = CoreDataLearnFantasyUITests/Info.plist;
				LD_RUNPATH_SEARCH_PATHS = "$(inherited) @executable_path/Frameworks @loader_path/Frameworks";
				PRODUCT_BUNDLE_IDENTIFIER = "--fantasy--.CoreDataLearnFantasyUITests";
				PRODUCT_NAME = "$(TARGET_NAME)";
				TEST_TARGET_NAME = CoreDataLearnFantasy;
			};
			name = Debug;
		};
		9AC5B74C1CED62A600F445E8 /* Release */ = {
			isa = XCBuildConfiguration;
			buildSettings = {
				INFOPLIST_FILE = CoreDataLearnFantasyUITests/Info.plist;
				LD_RUNPATH_SEARCH_PATHS = "$(inherited) @executable_path/Frameworks @loader_path/Frameworks";
				PRODUCT_BUNDLE_IDENTIFIER = "--fantasy--.CoreDataLearnFantasyUITests";
				PRODUCT_NAME = "$(TARGET_NAME)";
				TEST_TARGET_NAME = CoreDataLearnFantasy;
			};
			name = Release;
		};
/* End XCBuildConfiguration section */

/* Begin XCConfigurationList section */
		9AC5B7121CED62A600F445E8 /* Build configuration list for PBXProject "CoreDataLearnFantasy" */ = {
			isa = XCConfigurationList;
			buildConfigurations = (
				9AC5B7421CED62A600F445E8 /* Debug */,
				9AC5B7431CED62A600F445E8 /* Release */,
			);
			defaultConfigurationIsVisible = 0;
			defaultConfigurationName = Release;
		};
		9AC5B7441CED62A600F445E8 /* Build configuration list for PBXNativeTarget "CoreDataLearnFantasy" */ = {
			isa = XCConfigurationList;
			buildConfigurations = (
				9AC5B7451CED62A600F445E8 /* Debug */,
				9AC5B7461CED62A600F445E8 /* Release */,
			);
			defaultConfigurationIsVisible = 0;
			defaultConfigurationName = Release;
		};
		9AC5B7471CED62A600F445E8 /* Build configuration list for PBXNativeTarget "CoreDataLearnFantasyTests" */ = {
			isa = XCConfigurationList;
			buildConfigurations = (
				9AC5B7481CED62A600F445E8 /* Debug */,
				9AC5B7491CED62A600F445E8 /* Release */,
			);
			defaultConfigurationIsVisible = 0;
			defaultConfigurationName = Release;
		};
		9AC5B74A1CED62A600F445E8 /* Build configuration list for PBXNativeTarget "CoreDataLearnFantasyUITests" */ = {
			isa = XCConfigurationList;
			buildConfigurations = (
				9AC5B74B1CED62A600F445E8 /* Debug */,
				9AC5B74C1CED62A600F445E8 /* Release */,
			);
			defaultConfigurationIsVisible = 0;
			defaultConfigurationName = Release;
		};
/* End XCConfigurationList section */

/* Begin XCVersionGroup section */
		9AC5B7591CED6BB800F445E8 /* PersonModel.xcdatamodeld */ = {
			isa = XCVersionGroup;
			children = (
				9AC5B75A1CED6BB800F445E8 /* PersonModel.xcdatamodel */,
			);
			currentVersion = 9AC5B75A1CED6BB800F445E8 /* PersonModel.xcdatamodel */;
			path = PersonModel.xcdatamodeld;
			sourceTree = "<group>";
			versionGroupType = wrapper.xcdatamodel;
		};
/* End XCVersionGroup section */
	};
	rootObject = 9AC5B70F1CED62A600F445E8 /* Project object */;
}
